
Microsoft Visual Studio Solution File, Format Version 12.00
# Visual Studio 15
VisualStudioVersion = 15.0.28307.1433
MinimumVisualStudioVersion = 10.0.40219.1
Project("{FAE04EC0-301F-11D3-BF4B-00C04F79EFBC}") = "ConsoleArti", "ConsoleArti\ConsoleArti.csproj", "{7DCA57E5-D241-4133-84E2-71D3C0DB1EFA}"
EndProject
Global
	GlobalSection(SolutionConfigurationPlatforms) = preSolution
		Debug|Any CPU = Debug|Any CPU
		Release|Any CPU = Release|Any CPU
	EndGlobalSection
	GlobalSection(ProjectConfigurationPlatforms) = postSolution
		{7DCA57E5-D241-4133-84E2-71D3C0DB1EFA}.Debug|Any CPU.ActiveCfg = Debug|Any CPU
		{7DCA57E5-D241-4133-84E2-71D3C0DB1EFA}.Debug|Any CPU.Build.0 = Debug|Any CPU
		{7DCA57E5-D241-4133-84E2-71D3C0DB1EFA}.Release|Any CPU.ActiveCfg = Release|Any CPU
		{7DCA57E5-D241-4133-84E2-71D3C0DB1EFA}.Release|Any CPU.Build.0 = Release|Any CPU
	EndGlobalSection
	GlobalSection(SolutionProperties) = preSolution
		HideSolutionNode = FALSE
	EndGlobalSection
	GlobalSection(ExtensibilityGlobals) = postSolution
		SolutionGuid = {98F5FAFE-0E87-4F8B-910A-D5F43D27F486}
	EndGlobalSection
EndGlobal
